// !$*UTF8*$!
{
	archiveVersion = 1;
	classes = {
	};
	objectVersion = 46;
	objects = {

/* Begin PBXBuildFile section */
		6E28320DAB429040681A2F54 /* Pods_KnxApp.framework in Frameworks */ = {isa = PBXBuildFile; fileRef = ED879DD8333B084E677E3EE8 /* Pods_KnxApp.framework */; };
		BFCA60011EB7AB070077E716 /* AppDelegate.swift in Sources */ = {isa = PBXBuildFile; fileRef = BFCA60001EB7AB070077E716 /* AppDelegate.swift */; };
		BFCA60031EB7AB070077E716 /* ViewController.swift in Sources */ = {isa = PBXBuildFile; fileRef = BFCA60021EB7AB070077E716 /* ViewController.swift */; };
		BFCA60061EB7AB070077E716 /* Main.storyboard in Resources */ = {isa = PBXBuildFile; fileRef = BFCA60041EB7AB070077E716 /* Main.storyboard */; };
		BFCA60081EB7AB070077E716 /* Assets.xcassets in Resources */ = {isa = PBXBuildFile; fileRef = BFCA60071EB7AB070077E716 /* Assets.xcassets */; };
		BFCA600B1EB7AB070077E716 /* LaunchScreen.storyboard in Resources */ = {isa = PBXBuildFile; fileRef = BFCA60091EB7AB070077E716 /* LaunchScreen.storyboard */; };
/* End PBXBuildFile section */

/* Begin PBXFileReference section */
		AAB5D295F92829BDD37D6ED4 /* Pods-KnxApp.debug.xcconfig */ = {isa = PBXFileReference; includeInIndex = 1; lastKnownFileType = text.xcconfig; name = "Pods-KnxApp.debug.xcconfig"; path = "Pods/Target Support Files/Pods-KnxApp/Pods-KnxApp.debug.xcconfig"; sourceTree = "<group>"; };
		BFCA5FFD1EB7AB070077E716 /* KnxApp.app */ = {isa = PBXFileReference; explicitFileType = wrapper.application; includeInIndex = 0; path = KnxApp.app; sourceTree = BUILT_PRODUCTS_DIR; };
		BFCA60001EB7AB070077E716 /* AppDelegate.swift */ = {isa = PBXFileReference; lastKnownFileType = sourcecode.swift; path = AppDelegate.swift; sourceTree = "<group>"; };
		BFCA60021EB7AB070077E716 /* ViewController.swift */ = {isa = PBXFileReference; lastKnownFileType = sourcecode.swift; path = ViewController.swift; sourceTree = "<group>"; };
		BFCA60051EB7AB070077E716 /* Base */ = {isa = PBXFileReference; lastKnownFileType = file.storyboard; name = Base; path = Base.lproj/Main.storyboard; sourceTree = "<group>"; };
		BFCA60071EB7AB070077E716 /* Assets.xcassets */ = {isa = PBXFileReference; lastKnownFileType = folder.assetcatalog; path = Assets.xcassets; sourceTree = "<group>"; };
		BFCA600A1EB7AB070077E716 /* Base */ = {isa = PBXFileReference; lastKnownFileType = file.storyboard; name = Base; path = Base.lproj/LaunchScreen.storyboard; sourceTree = "<group>"; };
		BFCA600C1EB7AB070077E716 /* Info.plist */ = {isa = PBXFileReference; lastKnownFileType = text.plist.xml; path = Info.plist; sourceTree = "<group>"; };
		ED879DD8333B084E677E3EE8 /* Pods_KnxApp.framework */ = {isa = PBXFileReference; explicitFileType = wrapper.framework; includeInIndex = 0; path = Pods_KnxApp.framework; sourceTree = BUILT_PRODUCTS_DIR; };
		F64992A92681A487586D3DFF /* Pods-KnxApp.release.xcconfig */ = {isa = PBXFileReference; includeInIndex = 1; lastKnownFileType = text.xcconfig; name = "Pods-KnxApp.release.xcconfig"; path = "Pods/Target Support Files/Pods-KnxApp/Pods-KnxApp.release.xcconfig"; sourceTree = "<group>"; };
/* End PBXFileReference section */

/* Begin PBXFrameworksBuildPhase section */
		BFCA5FFA1EB7AB070077E716 /* Frameworks */ = {
			isa = PBXFrameworksBuildPhase;
			buildActionMask = 2147483647;
			files = (
				6E28320DAB429040681A2F54 /* Pods_KnxApp.framework in Frameworks */,
			);
			runOnlyForDeploymentPostprocessing = 0;
		};
/* End PBXFrameworksBuildPhase section */

/* Begin PBXGroup section */
		80565ABD139204801225F9BF /* Frameworks */ = {
			isa = PBXGroup;
			children = (
				ED879DD8333B084E677E3EE8 /* Pods_KnxApp.framework */,
			);
			name = Frameworks;
			sourceTree = "<group>";
		};
		BFCA5FF41EB7AB070077E716 = {
			isa = PBXGroup;
			children = (
				BFCA5FFF1EB7AB070077E716 /* KnxApp */,
				BFCA5FFE1EB7AB070077E716 /* Products */,
				D5A9DDEF2A6AE144B028C1D9 /* Pods */,
				80565ABD139204801225F9BF /* Frameworks */,
			);
			sourceTree = "<group>";
		};
		BFCA5FFE1EB7AB070077E716 /* Products */ = {
			isa = PBXGroup;
			children = (
				BFCA5FFD1EB7AB070077E716 /* KnxApp.app */,
			);
			name = Products;
			sourceTree = "<group>";
		};
		BFCA5FFF1EB7AB070077E716 /* KnxApp */ = {
			isa = PBXGroup;
			children = (
				BFCA60001EB7AB070077E716 /* AppDelegate.swift */,
				BFCA60021EB7AB070077E716 /* ViewController.swift */,
				BFCA60041EB7AB070077E716 /* Main.storyboard */,
				BFCA60071EB7AB070077E716 /* Assets.xcassets */,
				BFCA60091EB7AB070077E716 /* LaunchScreen.storyboard */,
				BFCA600C1EB7AB070077E716 /* Info.plist */,
			);
			path = KnxApp;
			sourceTree = "<group>";
		};
		D5A9DDEF2A6AE144B028C1D9 /* Pods */ = {
			isa = PBXGroup;
			children = (
				AAB5D295F92829BDD37D6ED4 /* Pods-KnxApp.debug.xcconfig */,
				F64992A92681A487586D3DFF /* Pods-KnxApp.release.xcconfig */,
			);
			name = Pods;
			sourceTree = "<group>";
		};
/* End PBXGroup section */

/* Begin PBXNativeTarget section */
		BFCA5FFC1EB7AB070077E716 /* KnxApp */ = {
			isa = PBXNativeTarget;
			buildConfigurationList = BFCA600F1EB7AB070077E716 /* Build configuration list for PBXNativeTarget "KnxApp" */;
			buildPhases = (
				304E88536518D6BFB5B3F165 /* [CP] Check Pods Manifest.lock */,
				BFCA5FF91EB7AB070077E716 /* Sources */,
				BFCA5FFA1EB7AB070077E716 /* Frameworks */,
				BFCA5FFB1EB7AB070077E716 /* Resources */,
				6F354425D044E92029ECE592 /* [CP] Embed Pods Frameworks */,
				B85B13F70D23C7E08CF1D20E /* [CP] Copy Pods Resources */,
			);
			buildRules = (
			);
			dependencies = (
			);
			name = KnxApp;
			productName = KnxApp;
			productReference = BFCA5FFD1EB7AB070077E716 /* KnxApp.app */;
			productType = "com.apple.product-type.application";
		};
/* End PBXNativeTarget section */

/* Begin PBXProject section */
		BFCA5FF51EB7AB070077E716 /* Project object */ = {
			isa = PBXProject;
			attributes = {
				LastSwiftUpdateCheck = 0830;
				LastUpgradeCheck = 0830;
				ORGANIZATIONNAME = "Trond Kjeldås";
				TargetAttributes = {
					BFCA5FFC1EB7AB070077E716 = {
						CreatedOnToolsVersion = 8.3.2;
						ProvisioningStyle = Automatic;
					};
				};
			};
			buildConfigurationList = BFCA5FF81EB7AB070077E716 /* Build configuration list for PBXProject "KnxApp" */;
			compatibilityVersion = "Xcode 3.2";
			developmentRegion = English;
			hasScannedForEncodings = 0;
			knownRegions = (
				en,
				Base,
			);
			mainGroup = BFCA5FF41EB7AB070077E716;
			productRefGroup = BFCA5FFE1EB7AB070077E716 /* Products */;
			projectDirPath = "";
			projectRoot = "";
			targets = (
				BFCA5FFC1EB7AB070077E716 /* KnxApp */,
			);
		};
/* End PBXProject section */

/* Begin PBXResourcesBuildPhase section */
		BFCA5FFB1EB7AB070077E716 /* Resources */ = {
			isa = PBXResourcesBuildPhase;
			buildActionMask = 2147483647;
			files = (
				BFCA600B1EB7AB070077E716 /* LaunchScreen.storyboard in Resources */,
				BFCA60081EB7AB070077E716 /* Assets.xcassets in Resources */,
				BFCA60061EB7AB070077E716 /* Main.storyboard in Resources */,
			);
			runOnlyForDeploymentPostprocessing = 0;
		};
/* End PBXResourcesBuildPhase section */

/* Begin PBXShellScriptBuildPhase section */
		304E88536518D6BFB5B3F165 /* [CP] Check Pods Manifest.lock */ = {
			isa = PBXShellScriptBuildPhase;
			buildActionMask = 2147483647;
			files = (
			);
			inputPaths = (
			);
			name = "[CP] Check Pods Manifest.lock";
			outputPaths = (
			);
			runOnlyForDeploymentPostprocessing = 0;
			shellPath = /bin/sh;
			shellScript = "diff \"${PODS_PODFILE_DIR_PATH}/Podfile.lock\" \"${PODS_ROOT}/Manifest.lock\" > /dev/null\nif [ $? != 0 ] ; then\n    # print error to STDERR\n    echo \"error: The sandbox is not in sync with the Podfile.lock. Run 'pod install' or update your CocoaPods installation.\" >&2\n    exit 1\nfi\n";
			showEnvVarsInLog = 0;
		};
		6F354425D044E92029ECE592 /* [CP] Embed Pods Frameworks */ = {
			isa = PBXShellScriptBuildPhase;
			buildActionMask = 2147483647;
			files = (
			);
			inputPaths = (
			);
			name = "[CP] Embed Pods Frameworks";
			outputPaths = (
			);
			runOnlyForDeploymentPostprocessing = 0;
			shellPath = /bin/sh;
			shellScript = "\"${SRCROOT}/Pods/Target Support Files/Pods-KnxApp/Pods-KnxApp-frameworks.sh\"\n";
			showEnvVarsInLog = 0;
		};
		B85B13F70D23C7E08CF1D20E /* [CP] Copy Pods Resources */ = {
			isa = PBXShellScriptBuildPhase;
			buildActionMask = 2147483647;
			files = (
			);
			inputPaths = (
			);
			name = "[CP] Copy Pods Resources";
			outputPaths = (
			);
			runOnlyForDeploymentPostprocessing = 0;
			shellPath = /bin/sh;
			shellScript = "\"${SRCROOT}/Pods/Target Support Files/Pods-KnxApp/Pods-KnxApp-resources.sh\"\n";
			showEnvVarsInLog = 0;
		};
/* End PBXShellScriptBuildPhase section */

/* Begin PBXSourcesBuildPhase section */
		BFCA5FF91EB7AB070077E716 /* Sources */ = {
			isa = PBXSourcesBuildPhase;
			buildActionMask = 2147483647;
			files = (
				BFCA60031EB7AB070077E716 /* ViewController.swift in Sources */,
				BFCA60011EB7AB070077E716 /* AppDelegate.swift in Sources */,
			);
			runOnlyForDeploymentPostprocessing = 0;
		};
/* End PBXSourcesBuildPhase section */

/* Begin PBXVariantGroup section */
		BFCA60041EB7AB070077E716 /* Main.storyboard */ = {
			isa = PBXVariantGroup;
			children = (
				BFCA60051EB7AB070077E716 /* Base */,
			);
			name = Main.storyboard;
			sourceTree = "<group>";
		};
		BFCA60091EB7AB070077E716 /* LaunchScreen.storyboard */ = {
			isa = PBXVariantGroup;
			children = (
				BFCA600A1EB7AB070077E716 /* Base */,
			);
			name = LaunchScreen.storyboard;
			sourceTree = "<group>";
		};
/* End PBXVariantGroup section */

/* Begin XCBuildConfiguration section */
		BFCA600D1EB7AB070077E716 /* Debug */ = {
			isa = XCBuildConfiguration;
			buildSettings = {
				ALWAYS_SEARCH_USER_PATHS = NO;
				CLANG_ANALYZER_NONNULL = YES;
				CLANG_ANALYZER_NUMBER_OBJECT_CONVERSION = YES_AGGRESSIVE;
				CLANG_CXX_LANGUAGE_STANDARD = "gnu++0x";
				CLANG_CXX_LIBRARY = "libc++";
				CLANG_ENABLE_MODULES = YES;
				CLANG_ENABLE_OBJC_ARC = YES;
				CLANG_WARN_BOOL_CONVERSION = YES;
				CLANG_WARN_CONSTANT_CONVERSION = YES;
				CLANG_WARN_DIRECT_OBJC_ISA_USAGE = YES_ERROR;
				CLANG_WARN_DOCUMENTATION_COMMENTS = YES;
				CLANG_WARN_EMPTY_BODY = YES;
				CLANG_WARN_ENUM_CONVERSION = YES;
				CLANG_WARN_INFINITE_RECURSION = YES;
				CLANG_WARN_INT_CONVERSION = YES;
				CLANG_WARN_OBJC_ROOT_CLASS = YES_ERROR;
				CLANG_WARN_SUSPICIOUS_MOVE = YES;
				CLANG_WARN_UNREACHABLE_CODE = YES;
				CLANG_WARN__DUPLICATE_METHOD_MATCH = YES;
				"CODE_SIGN_IDENTITY[sdk=iphoneos*]" = "iPhone Developer";
				COPY_PHASE_STRIP = NO;
				DEBUG_INFORMATION_FORMAT = dwarf;
				ENABLE_STRICT_OBJC_MSGSEND = YES;
				ENABLE_TESTABILITY = YES;
				GCC_C_LANGUAGE_STANDARD = gnu99;
				GCC_DYNAMIC_NO_PIC = NO;
				GCC_NO_COMMON_BLOCKS = YES;
				GCC_OPTIMIZATION_LEVEL = 0;
				GCC_PREPROCESSOR_DEFINITIONS = (
					"DEBUG=1",
					"$(inherited)",
				);
				GCC_WARN_64_TO_32_BIT_CONVERSION = YES;
				GCC_WARN_ABOUT_RETURN_TYPE = YES_ERROR;
				GCC_WARN_UNDECLARED_SELECTOR = YES;
				GCC_WARN_UNINITIALIZED_AUTOS = YES_AGGRESSIVE;
				GCC_WARN_UNUSED_FUNCTION = YES;
				GCC_WARN_UNUSED_VARIABLE = YES;
				IPHONEOS_DEPLOYMENT_TARGET = 10.3;
				MTL_ENABLE_DEBUG_INFO = YES;
				ONLY_ACTIVE_ARCH = YES;
				SDKROOT = iphoneos;
				SWIFT_ACTIVE_COMPILATION_CONDITIONS = DEBUG;
				SWIFT_OPTIMIZATION_LEVEL = "-Onone";
				TARGETED_DEVICE_FAMILY = "1,2";
			};
			name = Debug;
		};
		BFCA600E1EB7AB070077E716 /* Release */ = {
			isa = XCBuildConfiguration;
			buildSettings = {
				ALWAYS_SEARCH_USER_PATHS = NO;
				CLANG_ANALYZER_NONNULL = YES;
				CLANG_ANALYZER_NUMBER_OBJECT_CONVERSION = YES_AGGRESSIVE;
				CLANG_CXX_LANGUAGE_STANDARD = "gnu++0x";
				CLANG_CXX_LIBRARY = "libc++";
				CLANG_ENABLE_MODULES = YES;
				CLANG_ENABLE_OBJC_ARC = YES;
				CLANG_WARN_BOOL_CONVERSION = YES;
				CLANG_WARN_CONSTANT_CONVERSION = YES;
				CLANG_WARN_DIRECT_OBJC_ISA_USAGE = YES_ERROR;
				CLANG_WARN_DOCUMENTATION_COMMENTS = YES;
				CLANG_WARN_EMPTY_BODY = YES;
				CLANG_WARN_ENUM_CONVERSION = YES;
				CLANG_WARN_INFINITE_RECURSION = YES;
				CLANG_WARN_INT_CONVERSION = YES;
				CLANG_WARN_OBJC_ROOT_CLASS = YES_ERROR;
				CLANG_WARN_SUSPICIOUS_MOVE = YES;
				CLANG_WARN_UNREACHABLE_CODE = YES;
				CLANG_WARN__DUPLICATE_METHOD_MATCH = YES;
				"CODE_SIGN_IDENTITY[sdk=iphoneos*]" = "iPhone Developer";
				COPY_PHASE_STRIP = NO;
				DEBUG_INFORMATION_FORMAT = "dwarf-with-dsym";
				ENABLE_NS_ASSERTIONS = NO;
				ENABLE_STRICT_OBJC_MSGSEND = YES;
				GCC_C_LANGUAGE_STANDARD = gnu99;
				GCC_NO_COMMON_BLOCKS = YES;
				GCC_WARN_64_TO_32_BIT_CONVERSION = YES;
				GCC_WARN_ABOUT_RETURN_TYPE = YES_ERROR;
				GCC_WARN_UNDECLARED_SELECTOR = YES;
				GCC_WARN_UNINITIALIZED_AUTOS = YES_AGGRESSIVE;
				GCC_WARN_UNUSED_FUNCTION = YES;
				GCC_WARN_UNUSED_VARIABLE = YES;
				IPHONEOS_DEPLOYMENT_TARGET = 10.3;
				MTL_ENABLE_DEBUG_INFO = NO;
				SDKROOT = iphoneos;
				SWIFT_OPTIMIZATION_LEVEL = "-Owholemodule";
				TARGETED_DEVICE_FAMILY = "1,2";
				VALIDATE_PRODUCT = YES;
			};
			name = Release;
		};
		BFCA60101EB7AB070077E716 /* Debug */ = {
			isa = XCBuildConfiguration;
			baseConfigurationReference = AAB5D295F92829BDD37D6ED4 /* Pods-KnxApp.debug.xcconfig */;
			buildSettings = {
				ASSETCATALOG_COMPILER_APPICON_NAME = AppIcon;
				INFOPLIST_FILE = KnxApp/Info.plist;
				LD_RUNPATH_SEARCH_PATHS = "$(inherited) @executable_path/Frameworks";
				PRODUCT_BUNDLE_IDENTIFIER = Systemsoft.KnxApp;
				PRODUCT_NAME = "$(TARGET_NAME)";
				SWIFT_VERSION = 3.0;
			};
			name = Debug;
		};
		BFCA60111EB7AB070077E716 /* Release */ = {
			isa = XCBuildConfiguration;
			baseConfigurationReference = F64992A92681A487586D3DFF /* Pods-KnxApp.release.xcconfig */;
			buildSettings = {
				ASSETCATALOG_COMPILER_APPICON_NAME = AppIcon;
				INFOPLIST_FILE = KnxApp/Info.plist;
				LD_RUNPATH_SEARCH_PATHS = "$(inherited) @executable_path/Frameworks";
				PRODUCT_BUNDLE_IDENTIFIER = Systemsoft.KnxApp;
				PRODUCT_NAME = "$(TARGET_NAME)";
				SWIFT_VERSION = 3.0;
			};
			name = Release;
		};
/* End XCBuildConfiguration section */

/* Begin XCConfigurationList section */
		BFCA5FF81EB7AB070077E716 /* Build configuration list for PBXProject "KnxApp" */ = {
			isa = XCConfigurationList;
			buildConfigurations = (
				BFCA600D1EB7AB070077E716 /* Debug */,
				BFCA600E1EB7AB070077E716 /* Release */,
			);
			defaultConfigurationIsVisible = 0;
			defaultConfigurationName = Release;
		};
		BFCA600F1EB7AB070077E716 /* Build configuration list for PBXNativeTarget "KnxApp" */ = {
			isa = XCConfigurationList;
			buildConfigurations = (
				BFCA60101EB7AB070077E716 /* Debug */,
				BFCA60111EB7AB070077E716 /* Release */,
			);
			defaultConfigurationIsVisible = 0;
		};
/* End XCConfigurationList section */
	};
	rootObject = BFCA5FF51EB7AB070077E716 /* Project object */;
}
